
Microsoft Visual Studio Solution File, Format Version 12.00
# Visual Studio Version 17
VisualStudioVersion = 17.0.31903.59
MinimumVisualStudioVersion = 10.0.40219.1
Project("{9A19103F-16F7-4668-BE54-9A1E7A4F7556}") = "RickAndMortyApiCrawler", "RickAndMortyApiCrawler\RickAndMortyApiCrawler.csproj", "{2225B806-3714-4061-B00D-75677FB16C4A}"
EndProject
Project("{9A19103F-16F7-4668-BE54-9A1E7A4F7556}") = "RickAndMortyApiCrawler.Core", "RickAndMortyApiCrawler.Core\RickAndMortyApiCrawler.Core.csproj", "{206F4F84-EDCE-4FAF-BF6F-053C5B0CFFC5}"
EndProject
Project("{9A19103F-16F7-4668-BE54-9A1E7A4F7556}") = "RickAndMortyApiCrawler.Data", "RickAndMortyApiCrawler.Data\RickAndMortyApiCrawler.Data.csproj", "{C11094A4-11F5-4F51-B728-8D99019C9070}"
EndProject
Project("{9A19103F-16F7-4668-BE54-9A1E7A4F7556}") = "RickAndMortyApiCrawler.Domain", "RickAndMortyApiCrawler.Domain\RickAndMortyApiCrawler.Domain.csproj", "{30CF46A0-4875-4B9D-BD84-3657EE70600E}"
EndProject
Project("{9A19103F-16F7-4668-BE54-9A1E7A4F7556}") = "RickAndMorty.NUnitTest", "RickAndMorty.NUnitTest\RickAndMorty.NUnitTest.csproj", "{304E5470-03FA-4B1C-A46B-12EA215606EA}"
EndProject
Project("{9A19103F-16F7-4668-BE54-9A1E7A4F7556}") = "RickAndMorty.Web", "RickAndMorty.Web\RickAndMorty.Web.csproj", "{9E759770-0099-484B-A3DF-4BBEA65123B5}"
EndProject
Project("{9A19103F-16F7-4668-BE54-9A1E7A4F7556}") = "RickAndMorty.WebApi", "RickAndMorty.WebApi\RickAndMorty.WebApi.csproj", "{1DD6FE9F-1360-4CCC-9638-5C1DD5B1D2CD}"
EndProject
Project("{2150E333-8FDC-42A3-9474-1A3956D46DE8}") = "Web", "Web", "{68185845-DD21-4824-90B4-B30D82B4F04B}"
EndProject
Project("{2150E333-8FDC-42A3-9474-1A3956D46DE8}") = "Api", "Api", "{ECB358AB-5154-4C8C-A300-54E562152605}"
EndProject
Project("{2150E333-8FDC-42A3-9474-1A3956D46DE8}") = "Console", "Console", "{37B71124-792A-4328-8258-9EA41C2E64D4}"
EndProject
Project("{2150E333-8FDC-42A3-9474-1A3956D46DE8}") = "Sahred", "Sahred", "{25F0E9E2-A90A-4B35-A712-16163A55186F}"
EndProject
Project("{9A19103F-16F7-4668-BE54-9A1E7A4F7556}") = "RickAndMorty.WebApi.Models", "RickAndMorty.WebApi.Models\RickAndMorty.WebApi.Models.csproj", "{C1877DE8-C932-4F76-AB8F-DC3645739F3F}"
EndProject
Project("{9A19103F-16F7-4668-BE54-9A1E7A4F7556}") = "RickAndMorty.WebApi.Data", "RickAndMorty.WebApi.Data\RickAndMorty.WebApi.Data.csproj", "{5903CC27-0CD9-46A8-B851-734DC8857814}"
EndProject
Project("{9A19103F-16F7-4668-BE54-9A1E7A4F7556}") = "RickAndMorty.WebApi.Core", "RickAndMorty.WebApi.Core\RickAndMorty.WebApi.Core.csproj", "{42FF5257-5445-4AA9-9137-F3F0309A8B7F}"
EndProject
Project("{9A19103F-16F7-4668-BE54-9A1E7A4F7556}") = "RickAndMorty.Web.Models", "RickAndMorty.Web.Models\RickAndMorty.Web.Models.csproj", "{C78B130E-774C-4A83-A2EF-1142CFFABD36}"
EndProject
Project("{9A19103F-16F7-4668-BE54-9A1E7A4F7556}") = "RickAndMorty.Web.Core", "RickAndMorty.Web.Core\RickAndMorty.Web.Core.csproj", "{D7C8D70C-4625-41B2-8A1F-73A8CCB1AC12}"
EndProject
Project("{FAE04EC0-301F-11D3-BF4B-00C04F79EFBC}") = "RickAndMorty.Shared", "RickAndMorty.Shared\RickAndMorty.Shared.csproj", "{EC73ACE5-C2EA-490E-A742-FA2B76AD125B}"
EndProject
Global
	GlobalSection(SolutionConfigurationPlatforms) = preSolution
		Debug|Any CPU = Debug|Any CPU
		Release|Any CPU = Release|Any CPU
	EndGlobalSection
	GlobalSection(ProjectConfigurationPlatforms) = postSolution
		{2225B806-3714-4061-B00D-75677FB16C4A}.Debug|Any CPU.ActiveCfg = Debug|Any CPU
		{2225B806-3714-4061-B00D-75677FB16C4A}.Debug|Any CPU.Build.0 = Debug|Any CPU
		{2225B806-3714-4061-B00D-75677FB16C4A}.Release|Any CPU.ActiveCfg = Release|Any CPU
		{2225B806-3714-4061-B00D-75677FB16C4A}.Release|Any CPU.Build.0 = Release|Any CPU
		{206F4F84-EDCE-4FAF-BF6F-053C5B0CFFC5}.Debug|Any CPU.ActiveCfg = Debug|Any CPU
		{206F4F84-EDCE-4FAF-BF6F-053C5B0CFFC5}.Debug|Any CPU.Build.0 = Debug|Any CPU
		{206F4F84-EDCE-4FAF-BF6F-053C5B0CFFC5}.Release|Any CPU.ActiveCfg = Release|Any CPU
		{206F4F84-EDCE-4FAF-BF6F-053C5B0CFFC5}.Release|Any CPU.Build.0 = Release|Any CPU
		{C11094A4-11F5-4F51-B728-8D99019C9070}.Debug|Any CPU.ActiveCfg = Debug|Any CPU
		{C11094A4-11F5-4F51-B728-8D99019C9070}.Debug|Any CPU.Build.0 = Debug|Any CPU
		{C11094A4-11F5-4F51-B728-8D99019C9070}.Release|Any CPU.ActiveCfg = Release|Any CPU
		{C11094A4-11F5-4F51-B728-8D99019C9070}.Release|Any CPU.Build.0 = Release|Any CPU
		{30CF46A0-4875-4B9D-BD84-3657EE70600E}.Debug|Any CPU.ActiveCfg = Debug|Any CPU
		{30CF46A0-4875-4B9D-BD84-3657EE70600E}.Debug|Any CPU.Build.0 = Debug|Any CPU
		{30CF46A0-4875-4B9D-BD84-3657EE70600E}.Release|Any CPU.ActiveCfg = Release|Any CPU
		{30CF46A0-4875-4B9D-BD84-3657EE70600E}.Release|Any CPU.Build.0 = Release|Any CPU
		{304E5470-03FA-4B1C-A46B-12EA215606EA}.Debug|Any CPU.ActiveCfg = Debug|Any CPU
		{304E5470-03FA-4B1C-A46B-12EA215606EA}.Debug|Any CPU.Build.0 = Debug|Any CPU
		{304E5470-03FA-4B1C-A46B-12EA215606EA}.Release|Any CPU.ActiveCfg = Release|Any CPU
		{304E5470-03FA-4B1C-A46B-12EA215606EA}.Release|Any CPU.Build.0 = Release|Any CPU
		{9E759770-0099-484B-A3DF-4BBEA65123B5}.Debug|Any CPU.ActiveCfg = Debug|Any CPU
		{9E759770-0099-484B-A3DF-4BBEA65123B5}.Debug|Any CPU.Build.0 = Debug|Any CPU
		{9E759770-0099-484B-A3DF-4BBEA65123B5}.Release|Any CPU.ActiveCfg = Release|Any CPU
		{9E759770-0099-484B-A3DF-4BBEA65123B5}.Release|Any CPU.Build.0 = Release|Any CPU
		{1DD6FE9F-1360-4CCC-9638-5C1DD5B1D2CD}.Debug|Any CPU.ActiveCfg = Debug|Any CPU
		{1DD6FE9F-1360-4CCC-9638-5C1DD5B1D2CD}.Debug|Any CPU.Build.0 = Debug|Any CPU
		{1DD6FE9F-1360-4CCC-9638-5C1DD5B1D2CD}.Release|Any CPU.ActiveCfg = Release|Any CPU
		{1DD6FE9F-1360-4CCC-9638-5C1DD5B1D2CD}.Release|Any CPU.Build.0 = Release|Any CPU
		{C1877DE8-C932-4F76-AB8F-DC3645739F3F}.Debug|Any CPU.ActiveCfg = Debug|Any CPU
		{C1877DE8-C932-4F76-AB8F-DC3645739F3F}.Debug|Any CPU.Build.0 = Debug|Any CPU
		{C1877DE8-C932-4F76-AB8F-DC3645739F3F}.Release|Any CPU.ActiveCfg = Release|Any CPU
		{C1877DE8-C932-4F76-AB8F-DC3645739F3F}.Release|Any CPU.Build.0 = Release|Any CPU
		{5903CC27-0CD9-46A8-B851-734DC8857814}.Debug|Any CPU.ActiveCfg = Debug|Any CPU
		{5903CC27-0CD9-46A8-B851-734DC8857814}.Debug|Any CPU.Build.0 = Debug|Any CPU
		{5903CC27-0CD9-46A8-B851-734DC8857814}.Release|Any CPU.ActiveCfg = Release|Any CPU
		{5903CC27-0CD9-46A8-B851-734DC8857814}.Release|Any CPU.Build.0 = Release|Any CPU
		{42FF5257-5445-4AA9-9137-F3F0309A8B7F}.Debug|Any CPU.ActiveCfg = Debug|Any CPU
		{42FF5257-5445-4AA9-9137-F3F0309A8B7F}.Debug|Any CPU.Build.0 = Debug|Any CPU
		{42FF5257-5445-4AA9-9137-F3F0309A8B7F}.Release|Any CPU.ActiveCfg = Release|Any CPU
		{42FF5257-5445-4AA9-9137-F3F0309A8B7F}.Release|Any CPU.Build.0 = Release|Any CPU
		{C78B130E-774C-4A83-A2EF-1142CFFABD36}.Debug|Any CPU.ActiveCfg = Debug|Any CPU
		{C78B130E-774C-4A83-A2EF-1142CFFABD36}.Debug|Any CPU.Build.0 = Debug|Any CPU
		{C78B130E-774C-4A83-A2EF-1142CFFABD36}.Release|Any CPU.ActiveCfg = Release|Any CPU
		{C78B130E-774C-4A83-A2EF-1142CFFABD36}.Release|Any CPU.Build.0 = Release|Any CPU
		{D7C8D70C-4625-41B2-8A1F-73A8CCB1AC12}.Debug|Any CPU.ActiveCfg = Debug|Any CPU
		{D7C8D70C-4625-41B2-8A1F-73A8CCB1AC12}.Debug|Any CPU.Build.0 = Debug|Any CPU
		{D7C8D70C-4625-41B2-8A1F-73A8CCB1AC12}.Release|Any CPU.ActiveCfg = Release|Any CPU
		{D7C8D70C-4625-41B2-8A1F-73A8CCB1AC12}.Release|Any CPU.Build.0 = Release|Any CPU
		{EC73ACE5-C2EA-490E-A742-FA2B76AD125B}.Debug|Any CPU.ActiveCfg = Debug|Any CPU
		{EC73ACE5-C2EA-490E-A742-FA2B76AD125B}.Debug|Any CPU.Build.0 = Debug|Any CPU
		{EC73ACE5-C2EA-490E-A742-FA2B76AD125B}.Release|Any CPU.ActiveCfg = Release|Any CPU
		{EC73ACE5-C2EA-490E-A742-FA2B76AD125B}.Release|Any CPU.Build.0 = Release|Any CPU
	EndGlobalSection
	GlobalSection(SolutionProperties) = preSolution
		HideSolutionNode = FALSE
	EndGlobalSection
	GlobalSection(NestedProjects) = preSolution
		{2225B806-3714-4061-B00D-75677FB16C4A} = {37B71124-792A-4328-8258-9EA41C2E64D4}
		{206F4F84-EDCE-4FAF-BF6F-053C5B0CFFC5} = {37B71124-792A-4328-8258-9EA41C2E64D4}
		{C11094A4-11F5-4F51-B728-8D99019C9070} = {37B71124-792A-4328-8258-9EA41C2E64D4}
		{30CF46A0-4875-4B9D-BD84-3657EE70600E} = {37B71124-792A-4328-8258-9EA41C2E64D4}
		{304E5470-03FA-4B1C-A46B-12EA215606EA} = {37B71124-792A-4328-8258-9EA41C2E64D4}
		{9E759770-0099-484B-A3DF-4BBEA65123B5} = {68185845-DD21-4824-90B4-B30D82B4F04B}
		{1DD6FE9F-1360-4CCC-9638-5C1DD5B1D2CD} = {ECB358AB-5154-4C8C-A300-54E562152605}
		{C1877DE8-C932-4F76-AB8F-DC3645739F3F} = {ECB358AB-5154-4C8C-A300-54E562152605}
		{5903CC27-0CD9-46A8-B851-734DC8857814} = {ECB358AB-5154-4C8C-A300-54E562152605}
		{42FF5257-5445-4AA9-9137-F3F0309A8B7F} = {ECB358AB-5154-4C8C-A300-54E562152605}
		{C78B130E-774C-4A83-A2EF-1142CFFABD36} = {68185845-DD21-4824-90B4-B30D82B4F04B}
		{D7C8D70C-4625-41B2-8A1F-73A8CCB1AC12} = {68185845-DD21-4824-90B4-B30D82B4F04B}
		{EC73ACE5-C2EA-490E-A742-FA2B76AD125B} = {25F0E9E2-A90A-4B35-A712-16163A55186F}
	EndGlobalSection
	GlobalSection(ExtensibilityGlobals) = postSolution
		SolutionGuid = {D4D33A82-A92D-4B46-9673-EB640D0D6067}
	EndGlobalSection
EndGlobal
